
Microsoft Visual Studio Solution File, Format Version 12.00
# Visual Studio Version 17
VisualStudioVersion = 17.11.35312.102
MinimumVisualStudioVersion = 10.0.40219.1
Project("{FAE04EC0-301F-11D3-BF4B-00C04F79EFBC}") = "3kt", "3kt\3kt.csproj", "{8436C456-BAB8-49E1-99B2-7D5C2D8FC89A}"
EndProject
Global
	GlobalSection(SolutionConfigurationPlatforms) = preSolution
		Debug|Any CPU = Debug|Any CPU
		Release|Any CPU = Release|Any CPU
	EndGlobalSection
	GlobalSection(ProjectConfigurationPlatforms) = postSolution
		{8436C456-BAB8-49E1-99B2-7D5C2D8FC89A}.Debug|Any CPU.ActiveCfg = Debug|Any CPU
		{8436C456-BAB8-49E1-99B2-7D5C2D8FC89A}.Debug|Any CPU.Build.0 = Debug|Any CPU
		{8436C456-BAB8-49E1-99B2-7D5C2D8FC89A}.Release|Any CPU.ActiveCfg = Release|Any CPU
		{8436C456-BAB8-49E1-99B2-7D5C2D8FC89A}.Release|Any CPU.Build.0 = Release|Any CPU
	EndGlobalSection
	GlobalSection(SolutionProperties) = preSolution
		HideSolutionNode = FALSE
	EndGlobalSection
	GlobalSection(ExtensibilityGlobals) = postSolution
		SolutionGuid = {AE9E88AE-6605-4422-878B-59D7C43A2CF2}
	EndGlobalSection
EndGlobal
